{
    "version": "0.5",
    "requires": [
        "zlib/1.3.1#b8bc2603263cf7eccbd6e17e66b0ed76%1733936244.862",
        "xz_utils/5.4.5#b885d1d79c9d30cff3803f7f551dbe66%1724318972.064",
        "xorg/system#98f82cb669e4ebc6b4d9d8a4f3f1faf4%1725460968.361",
        "xkeyboard-config/system#9704cfadc100ffc0cfc91c8d0ec0d3aa%1741256712.506",
        "xkbcommon/1.6.0#06776a6aa42a7fd93244c4d1fd517be9%1741781632.663",
        "wayland/1.22.0#58b35201fac71e10b5fcda91dece729f%1741781623.74",
        "vorbis/1.3.7#a019e93187ade6ee8a51762f88092604%1743676138.386",
        "stb/cci.20240531#ede183dce303916dab0c1b835df3926a%1720366012.336",
        "spdlog/1.14.1#4fd40d9cbc1978247443a10d2ace58fd%1731353169.75",
        "sdl_ttf/2.22.0#f84e99b88a16ab57aeef110087c9e086%1737456355.841",
        "sdl/2.28.3#824014968f92ac412f7c6242f71082f6%1732864972.971",
        "scnlib/1.1.2#f6f31017b57ece4f8c05058999f21fd0%1718170945.209",
        "rapidjson/cci.20230929#8dc0392af2b3aaea7312095f0ba53467%1705070242.903",
        "pulseaudio/14.2#30afeff38a7770cb9cda17a66da49a19%1719557658.76",
        "pocketsphinx/5.0.1#749ebd5148511560a39a19f37a78d1e4%1747956742.0273333",
        "opus/1.4#d87c608b1df136de943b02656e166c4e%1746796769.145",
        "openssl/3.4.1#afcaa66ae3020340af2d5641a475b5ae%1747751109.075",
        "opengl/system#7c02ea6ef926fd04844af53622a30541%1730805494.23",
        "ogg/1.3.5#e8186fe05ebe9f8e706fa4bde2164d12%1743515256.147",
        "mpg123/1.31.2#8ffd074baa3de80d2e5c041cdec2b435%1736938016.235",
        "m4/1.4.19#b38ced39a01e31fef5435bc634461fd2%1700758725.451",
        "libxml2/2.13.8#06138534f18dd953b35cad0dc3a08451%1747039371.412",
        "libuv/1.49.0#e4bacce2a2ca9faca6e8f38e67d1c0f6%1727348064.239",
        "libunwind/1.8.0#045502d366b4ce2bc52a492648e62d2b%1711959369.934",
        "libtool/2.4.7#a182d7ce8d4c346a19dbd4a5d532ef68%1742900203.747",
        "libsndfile/1.2.2#d9f679cca7d3c067b8ed52b0760cb46b%1747651589.082",
        "libpng/1.6.48#dd0fc04a42b9a23bce065545a81d4847%1746141949.748",
        "libmp3lame/3.100#44b12d19316eb2b223d98d3e75dae438%1674992501.853",
        "libiconv/1.18#973e2df43568e7c880402e35ee8ffe47%1746192628.792",
        "libffi/3.4.4#1520e366dc9a6a38898b4993bb198748%1739352850.021",
        "libcurl/8.10.1#8d304dbeaca191a11eb45b5bea1c0e0e%1745508835.478",
        "libcap/2.69#7ef2d60864c2e58e89db957be936dc49%1693427138.461",
        "libalsa/1.2.10#e64d5e1ced869a2f676145bab4f4a181%1724146566.895",
        "imgui/1.91.2-docking#460ea7fddb72b86a7c0ac2ed6a5e4329%1726759137.67",
        "glm/1.0.1#94392c53a527f7d830119b84fe80c754%1713951421.775",
        "gettext/0.22.5#909a6ca9b6d4062e9b6ccf25c8461cda",
        "freetype/2.13.2#5d2563803c8558d4ef47271a82c73d20%1728736671.752",
        "fmt/10.2.1#658771bb858b77f380be2ebb22c338e9%1735899167.615",
        "flac/1.4.2#fe87e6e5a29094d221525fbf3bbea90f%1744100953.388",
        "fast_float/6.1.0#f6088e57bf83ac9f9b3abf37fe766cea%1730007497.067",
        "expat/2.7.1#b0b67ba910c5147271b444139ca06953%1743502492.76",
        "egl/system#068ac3037d8cf01f768d0e001e6dcd76%1681426530.637",
        "cpptoml/0.1.1#f255e76e447937af1dbb2f1c7a6a8e37%1675986275.915",
        "cereal/1.3.2",
        "catch2/3.8.1#141f4cd552b86c7278436c434473ae2f",
        "bzip2/1.0.8#00b4a4658791c1f06914e087f0e792f5%1744702067.178",
        "brotli/1.1.0#406ce8f1c997f4ef7852fa01ff85ef9f%1743158659.041",
        "automake/1.16.5#058bda3e21c36c9aa8425daf3c1faf50%1688481772.751",
        "autoconf/2.71#51077f068e61700d65bb05541ea1e4b0%1731054366.86"
    ],
    "build_requires": [
        "zlib/1.3.1#b8bc2603263cf7eccbd6e17e66b0ed76%1733936244.862",
        "yasm/1.3.0#fb800a15413dca19bfaef9e4b5d50694%1676208399.011",
        "wayland-protocols/1.33#e50e231235a3ed2c09f01196aa34e120%1743002532.508",
        "wayland/1.22.0#58b35201fac71e10b5fcda91dece729f%1741781623.74",
        "pkgconf/2.2.0#6462942a22803086372db44689ba825f%1713364853.749",
        "pkgconf/2.1.0#27f44583701117b571307cf5b5fe5605%1701537936.436",
        "pkgconf/2.0.3#f996677e96e61e6552d85e83756c328b%1696606182.229",
        "ninja/1.12.1#fd583651bf0c6a901943495d49878803%1724079877.609",
        "meson/1.7.2#9f1462dd0d74937352f0c4fed2563d28%1744110123.602",
        "meson/1.3.2#26ce8a76a36cc275cdfee1d757bc6561%1726730118.251",
        "meson/1.3.0#39e72c134c60664acd1368390f663f85%1726730116.956",
        "meson/1.2.2#21b73818ba96d9eea465b310b5bbc993%1726730120.212",
        "m4/1.4.19#b38ced39a01e31fef5435bc634461fd2%1700758725.451",
        "libxml2/2.13.8#06138534f18dd953b35cad0dc3a08451%1747039371.412",
        "libtool/2.4.7#a182d7ce8d4c346a19dbd4a5d532ef68%1742900203.747",
        "libiconv/1.18#973e2df43568e7c880402e35ee8ffe47%1746192628.792",
        "libffi/3.4.4#1520e366dc9a6a38898b4993bb198748%1739352850.021",
        "gnu-config/cci.20210814#dc430d754f465e8c74463019672fb97b%1701248168.479",
        "gettext/0.22.5#909a6ca9b6d4062e9b6ccf25c8461cda%1714394716.929",
        "flex/2.6.4#e35bc44b3fcbcd661e0af0dc5b5b1ad4%1674818991.113",
        "expat/2.7.1#b0b67ba910c5147271b444139ca06953%1743502492.76",
        "cmake/3.31.6#ed0e6c1d49bd564ce6fed1a19653b86d%1740594968.467",
        "bison/3.8.2#ed1ba0c42d2ab7ab64fc3a62e9ecc673%1688556312.342",
        "automake/1.16.5#058bda3e21c36c9aa8425daf3c1faf50%1688481772.751",
        "autoconf/2.71#51077f068e61700d65bb05541ea1e4b0%1731054366.86"
    ],
    "python_requires": [],
    "overrides": {
        "libiconv/1.17": [
            "libiconv/1.18"
        ],
        "gettext/0.21": [
            "gettext/0.22.5"
        ]
    },
    "config_requires": []
}